// !$*UTF8*$!
{
	archiveVersion = 1;
	classes = {
	};
	objectVersion = 46;
	objects = {

/* Begin PBXBuildFile section */
		2C039F3B1B52D33C00233534 /* StatusCategory.m in Sources */ = {isa = PBXBuildFile; fileRef = 2C039F3A1B52D33C00233534 /* StatusCategory.m */; };
		2C039F3E1B52D3DD00233534 /* StatusCategories.m in Sources */ = {isa = PBXBuildFile; fileRef = 2C039F3D1B52D3DD00233534 /* StatusCategories.m */; };
		2C0688731B948C32008B69EE /* MagnetURL.m in Sources */ = {isa = PBXBuildFile; fileRef = 2C0688721B948C32008B69EE /* MagnetURL.m */; };
		2C0688761B948D59008B69EE /* TorrentFile.m in Sources */ = {isa = PBXBuildFile; fileRef = 2C0688751B948D59008B69EE /* TorrentFile.m */; };
		2C0A2AA31B469D5D0042CAA6 /* FileListFSCell.m in Sources */ = {isa = PBXBuildFile; fileRef = 2C0A2AA21B469D5D0042CAA6 /* FileListFSCell.m */; };
		2C0A2AA61B469EC00042CAA6 /* NSObject+DataObject.m in Sources */ = {isa = PBXBuildFile; fileRef = 2C0A2AA51B469EC00042CAA6 /* NSObject+DataObject.m */; };
		2C0E34A51B400134004303AB /* TRInfo.m in Sources */ = {isa = PBXBuildFile; fileRef = 2C0E34A41B400134004303AB /* TRInfo.m */; };
		2C0E34A81B4006EB004303AB /* TRInfos.m in Sources */ = {isa = PBXBuildFile; fileRef = 2C0E34A71B4006EB004303AB /* TRInfos.m */; };
		2C4673151B3D91BA00CBD6B1 /* RPCConnector.m in Sources */ = {isa = PBXBuildFile; fileRef = 2C4673141B3D91BA00CBD6B1 /* RPCConnector.m */; };
		2C5810DC1B39A5E50069020D /* main.m in Sources */ = {isa = PBXBuildFile; fileRef = 2C5810DB1B39A5E50069020D /* main.m */; };
		2C5810DF1B39A5E50069020D /* AppDelegate.m in Sources */ = {isa = PBXBuildFile; fileRef = 2C5810DE1B39A5E50069020D /* AppDelegate.m */; };
		2C5810E11B39A5E50069020D /* Images.xcassets in Resources */ = {isa = PBXBuildFile; fileRef = 2C5810E01B39A5E50069020D /* Images.xcassets */; };
		2C5810FB1B39A7B20069020D /* RPCServerConfig.m in Sources */ = {isa = PBXBuildFile; fileRef = 2C5810FA1B39A7B20069020D /* RPCServerConfig.m */; };
		2C58110E1B39C3FC0069020D /* RPCServerConfigController.m in Sources */ = {isa = PBXBuildFile; fileRef = 2C58110D1B39C3FC0069020D /* RPCServerConfigController.m */; };
		2C6668341B5BB1D3004B6FA4 /* Bencoding.m in Sources */ = {isa = PBXBuildFile; fileRef = 2C6668331B5BB1D3004B6FA4 /* Bencoding.m */; };
		2C6D18B31B3B37CC002666C6 /* RPCServerConfigDB.m in Sources */ = {isa = PBXBuildFile; fileRef = 2C6D18B21B3B37CC002666C6 /* RPCServerConfigDB.m */; };
		2C6D18B61B3B446E002666C6 /* ServerListController.m in Sources */ = {isa = PBXBuildFile; fileRef = 2C6D18B51B3B446E002666C6 /* ServerListController.m */; };
		2C6D18BD1B3B477E002666C6 /* ServerListItemCell.m in Sources */ = {isa = PBXBuildFile; fileRef = 2C6D18BC1B3B477E002666C6 /* ServerListItemCell.m */; };
		2C701C751B98D2E1004C366C /* MagnetURLViewController.m in Sources */ = {isa = PBXBuildFile; fileRef = 2C701C741B98D2E1004C366C /* MagnetURLViewController.m */; };
		2C701C761B98DAD4004C366C /* ServerListFooterView.xib in Resources */ = {isa = PBXBuildFile; fileRef = 2C701C781B98DAD4004C366C /* ServerListFooterView.xib */; };
		2C80AEAD1B4EBA6B00377E11 /* InfoMessage.m in Sources */ = {isa = PBXBuildFile; fileRef = 2C80AEAA1B4EBA6B00377E11 /* InfoMessage.m */; };
		2C80AEAE1B4EBA6B00377E11 /* InfoMessage.xib in Resources */ = {isa = PBXBuildFile; fileRef = 2C80AEAB1B4EBA6B00377E11 /* InfoMessage.xib */; };
		2C80AEAF1B4EBA6B00377E11 /* InfoMessageIcons.xcassets in Resources */ = {isa = PBXBuildFile; fileRef = 2C80AEAC1B4EBA6B00377E11 /* InfoMessageIcons.xcassets */; };
		2C8627571F93974B001E314F /* README.md in Resources */ = {isa = PBXBuildFile; fileRef = 2C8627561F939747001E314F /* README.md */; };
		2C9A83F31BB42A4D002D7B00 /* InfoMenuLabel.m in Sources */ = {isa = PBXBuildFile; fileRef = 2C9A83F21BB42A4D002D7B00 /* InfoMenuLabel.m */; };
		2C9DDA071B77CA78008F16BF /* torrentTitleSectionHeader.xib in Resources */ = {isa = PBXBuildFile; fileRef = 2C9DDA091B77CA78008F16BF /* torrentTitleSectionHeader.xib */; };
		2CABA2E21CC8E9A2004612FE /* WaitViewController.m in Sources */ = {isa = PBXBuildFile; fileRef = 2CABA2E11CC8E9A2004612FE /* WaitViewController.m */; };
		2CABA2E51CC8F05F004612FE /* IpAnonimizer.m in Sources */ = {isa = PBXBuildFile; fileRef = 2CABA2E41CC8F05F004612FE /* IpAnonimizer.m */; };
		2CAD1E461B4AC131005BBDBE /* SpeedLimitController.m in Sources */ = {isa = PBXBuildFile; fileRef = 2CAD1E451B4AC131005BBDBE /* SpeedLimitController.m */; };
		2CB651CF1B3DCCBE005C823C /* TorrentListController.m in Sources */ = {isa = PBXBuildFile; fileRef = 2CB651CE1B3DCCBE005C823C /* TorrentListController.m */; };
		2CB651D21B3DCDD4005C823C /* TorrentListCell.m in Sources */ = {isa = PBXBuildFile; fileRef = 2CB651D11B3DCDD4005C823C /* TorrentListCell.m */; };
		2CCA315A1B7E11F200DCBA0D /* CheckBox.m in Sources */ = {isa = PBXBuildFile; fileRef = 2CCA31591B7E11F200DCBA0D /* CheckBox.m */; };
		2CE400B81B49927C00BA32C2 /* ChooseServerCell.m in Sources */ = {isa = PBXBuildFile; fileRef = 2CE400B71B49927C00BA32C2 /* ChooseServerCell.m */; };
		2CE400BB1B49928F00BA32C2 /* BandwidthPriorityCell.m in Sources */ = {isa = PBXBuildFile; fileRef = 2CE400BA1B49928F00BA32C2 /* BandwidthPriorityCell.m */; };
		2CE400BE1B4992A300BA32C2 /* StartImmidiatelyCell.m in Sources */ = {isa = PBXBuildFile; fileRef = 2CE400BD1B4992A300BA32C2 /* StartImmidiatelyCell.m */; };
		2CE6B4601B49598000157841 /* CommonTableController.m in Sources */ = {isa = PBXBuildFile; fileRef = 2CE6B45F1B49598000157841 /* CommonTableController.m */; };
		2CE6B4641B495EC700157841 /* GlobalConsts.m in Sources */ = {isa = PBXBuildFile; fileRef = 2CE6B4631B495EC700157841 /* GlobalConsts.m */; };
		2CF2CB9F1B75FE9800C42477 /* FlagDescriptionView.m in Sources */ = {isa = PBXBuildFile; fileRef = 2CF2CB9E1B75FE9800C42477 /* FlagDescriptionView.m */; };
		2CF2CBA01B7606A400C42477 /* flagsDescription.xib in Resources */ = {isa = PBXBuildFile; fileRef = 2CF2CBA21B7606A400C42477 /* flagsDescription.xib */; };
		2CF6909C1B4BE0D400B2F830 /* FooterViewFreeSpace.xib in Resources */ = {isa = PBXBuildFile; fileRef = 2CF690991B4BE0D400B2F830 /* FooterViewFreeSpace.xib */; };
		2CF6909D1B4BE0D400B2F830 /* FooterViewFreeSpace.m in Sources */ = {isa = PBXBuildFile; fileRef = 2CF6909B1B4BE0D400B2F830 /* FooterViewFreeSpace.m */; };
		2CF6909F1B4BE49600B2F830 /* HeaderViewDURates.xib in Resources */ = {isa = PBXBuildFile; fileRef = 2CF6909E1B4BE49600B2F830 /* HeaderViewDURates.xib */; };
		2CF690A21B4BE74A00B2F830 /* HeaderViewDURates.m in Sources */ = {isa = PBXBuildFile; fileRef = 2CF690A11B4BE74A00B2F830 /* HeaderViewDURates.m */; };
		2CF72FFF1B651180007D5354 /* TrackerListController.m in Sources */ = {isa = PBXBuildFile; fileRef = 2CF72FFE1B651180007D5354 /* TrackerListController.m */; };
		2CF730021B6514E5007D5354 /* TrackerInfoCell.m in Sources */ = {isa = PBXBuildFile; fileRef = 2CF730011B6514E5007D5354 /* TrackerInfoCell.m */; };
		2CF730091B657D25007D5354 /* ScheduleAltLimitsController.m in Sources */ = {isa = PBXBuildFile; fileRef = 2CF730081B657D25007D5354 /* ScheduleAltLimitsController.m */; };
		2CF7ADB11B91BE7A00030220 /* AppLogoView.m in Sources */ = {isa = PBXBuildFile; fileRef = 2CF7ADB01B91BE7A00030220 /* AppLogoView.m */; };
		2CF7ADB41B91C8A000030220 /* ServerListFooterView.m in Sources */ = {isa = PBXBuildFile; fileRef = 2CF7ADB31B91C8A000030220 /* ServerListFooterView.m */; };
		2CF7D5141B42E78C006D01FD /* PeerListController.m in Sources */ = {isa = PBXBuildFile; fileRef = 2CF7D5131B42E78C006D01FD /* PeerListController.m */; };
		2CF7F3211B6EBF2B007EEBF6 /* PeerStatCell.m in Sources */ = {isa = PBXBuildFile; fileRef = 2CF7F3201B6EBF2B007EEBF6 /* PeerStatCell.m */; };
		2CF861441B77BD0D00E47F53 /* TorrentTitleSectionHeaderView.m in Sources */ = {isa = PBXBuildFile; fileRef = 2CF861431B77BD0D00E47F53 /* TorrentTitleSectionHeaderView.m */; };
		2CF861481B77C0C300E47F53 /* icons.xcassets in Resources */ = {isa = PBXBuildFile; fileRef = 2CF861471B77C0C300E47F53 /* icons.xcassets */; };
		2CF8C7651B4302F7005A7DD6 /* PeerListCell.m in Sources */ = {isa = PBXBuildFile; fileRef = 2CF8C7641B4302F7005A7DD6 /* PeerListCell.m */; };
		2CF8EF781B61736100EB8D5D /* TrackerListCell.m in Sources */ = {isa = PBXBuildFile; fileRef = 2CF8EF771B61736100EB8D5D /* TrackerListCell.m */; };
		2CF8EF7B1B6179AE00EB8D5D /* TrackerStat.m in Sources */ = {isa = PBXBuildFile; fileRef = 2CF8EF7A1B6179AE00EB8D5D /* TrackerStat.m */; };
		2CF8F3241B876A4A00982AA2 /* IconCloud.m in Sources */ = {isa = PBXBuildFile; fileRef = 2CF8F3231B876A4A00982AA2 /* IconCloud.m */; };
		2CF8F3271B876A6700982AA2 /* IconHalfCloud.m in Sources */ = {isa = PBXBuildFile; fileRef = 2CF8F3261B876A6700982AA2 /* IconHalfCloud.m */; };
		2CF911961B41B605003D0753 /* ChooseServerToAddTorrentController.m in Sources */ = {isa = PBXBuildFile; fileRef = 2CF911951B41B605003D0753 /* ChooseServerToAddTorrentController.m */; };
		2CF911981B41CD66003D0753 /* TorrentInfoController.m in Sources */ = {isa = PBXBuildFile; fileRef = 2CF911971B41CD66003D0753 /* TorrentInfoController.m */; };
		2CF915411BB463FD00E84A7C /* PiecesLegendViewController.m in Sources */ = {isa = PBXBuildFile; fileRef = 2CF915401BB463FD00E84A7C /* PiecesLegendViewController.m */; };
		2CF91D111B3C8B3B0093637A /* StatusListController.m in Sources */ = {isa = PBXBuildFile; fileRef = 2CF91D101B3C8B3B0093637A /* StatusListController.m */; };
		2CF953951BBDA4F00009C785 /* TorrentListProgressView.m in Sources */ = {isa = PBXBuildFile; fileRef = 2CF953941BBDA4F00009C785 /* TorrentListProgressView.m */; };
		2CF964EE1B4D5DB9006D8C7E /* docIcon_22x29.png in Resources */ = {isa = PBXBuildFile; fileRef = 2CF964EA1B4D5DB9006D8C7E /* docIcon_22x29.png */; };
		2CF964EF1B4D5DB9006D8C7E /* docIcon_44x58.png in Resources */ = {isa = PBXBuildFile; fileRef = 2CF964EB1B4D5DB9006D8C7E /* docIcon_44x58.png */; };
		2CF964F01B4D5DB9006D8C7E /* docIcon_64x64.png in Resources */ = {isa = PBXBuildFile; fileRef = 2CF964EC1B4D5DB9006D8C7E /* docIcon_64x64.png */; };
		2CF964F11B4D5DB9006D8C7E /* docIcon_320x320.png in Resources */ = {isa = PBXBuildFile; fileRef = 2CF964ED1B4D5DB9006D8C7E /* docIcon_320x320.png */; };
		2CF971AB1B790379008EE25D /* GeoIpConnector.m in Sources */ = {isa = PBXBuildFile; fileRef = 2CF971AA1B790379008EE25D /* GeoIpConnector.m */; };
		2CF971AF1B790B23008EE25D /* IPGeoInfoController.m in Sources */ = {isa = PBXBuildFile; fileRef = 2CF971AE1B790B23008EE25D /* IPGeoInfoController.m */; };
		2CF9C4CF1B84EE3B00DA4487 /* IconFS.m in Sources */ = {isa = PBXBuildFile; fileRef = 2CF9C4CE1B84EE3B00DA4487 /* IconFS.m */; };
		2CFA5E101B43237400262C36 /* TRFileInfo.m in Sources */ = {isa = PBXBuildFile; fileRef = 2CFA5E0F1B43237400262C36 /* TRFileInfo.m */; };
		2CFA5E141B432ABF00262C36 /* FileListController.m in Sources */ = {isa = PBXBuildFile; fileRef = 2CFA5E131B432ABF00262C36 /* FileListController.m */; };
		2CFA9DC11B42CE0D005629C2 /* TRPeerInfo.m in Sources */ = {isa = PBXBuildFile; fileRef = 2CFA9DC01B42CE0D005629C2 /* TRPeerInfo.m */; };
		2CFAB9121B49ACCB00BE71D9 /* SessionConfigController.m in Sources */ = {isa = PBXBuildFile; fileRef = 2CFAB9111B49ACCB00BE71D9 /* SessionConfigController.m */; };
		2CFAB9151B49B7FD00BE71D9 /* TRSessionInfo.m in Sources */ = {isa = PBXBuildFile; fileRef = 2CFAB9141B49B7FD00BE71D9 /* TRSessionInfo.m */; };
		2CFB92CD1B56D25400C83354 /* controllers.storyboard in Resources */ = {isa = PBXBuildFile; fileRef = 2CFB92CF1B56D25400C83354 /* controllers.storyboard */; };
		2CFB9BA61B56FA1300D4A51C /* Localizable.strings in Resources */ = {isa = PBXBuildFile; fileRef = 2CFB9BA81B56FA1300D4A51C /* Localizable.strings */; };
		2CFBA7991B5017DA00202281 /* RateLimitTable.m in Sources */ = {isa = PBXBuildFile; fileRef = 2CFBA7981B5017DA00202281 /* RateLimitTable.m */; };
		2CFBE1CC1B458F6100B15DEE /* FSDirectory.m in Sources */ = {isa = PBXBuildFile; fileRef = 2CFBE1CB1B458F6100B15DEE /* FSDirectory.m */; };
		2CFC267E1B44580E0070CC1C /* StatusListCell.m in Sources */ = {isa = PBXBuildFile; fileRef = 2CFC267D1B44580E0070CC1C /* StatusListCell.m */; };
		2CFC54D21BB71E9D000F5E38 /* FileListTouchAreaView.m in Sources */ = {isa = PBXBuildFile; fileRef = 2CFC54D11BB71E9D000F5E38 /* FileListTouchAreaView.m */; };
/* End PBXBuildFile section */

/* Begin PBXFileReference section */
		2C039F391B52D33C00233534 /* StatusCategory.h */ = {isa = PBXFileReference; fileEncoding = 4; lastKnownFileType = sourcecode.c.h; path = StatusCategory.h; sourceTree = "<group>"; };
		2C039F3A1B52D33C00233534 /* StatusCategory.m */ = {isa = PBXFileReference; fileEncoding = 4; lastKnownFileType = sourcecode.c.objc; path = StatusCategory.m; sourceTree = "<group>"; };
		2C039F3C1B52D3DD00233534 /* StatusCategories.h */ = {isa = PBXFileReference; fileEncoding = 4; lastKnownFileType = sourcecode.c.h; path = StatusCategories.h; sourceTree = "<group>"; };
		2C039F3D1B52D3DD00233534 /* StatusCategories.m */ = {isa = PBXFileReference; fileEncoding = 4; lastKnownFileType = sourcecode.c.objc; path = StatusCategories.m; sourceTree = "<group>"; };
		2C0688711B948C32008B69EE /* MagnetURL.h */ = {isa = PBXFileReference; fileEncoding = 4; lastKnownFileType = sourcecode.c.h; path = MagnetURL.h; sourceTree = "<group>"; };
		2C0688721B948C32008B69EE /* MagnetURL.m */ = {isa = PBXFileReference; fileEncoding = 4; lastKnownFileType = sourcecode.c.objc; path = MagnetURL.m; sourceTree = "<group>"; };
		2C0688741B948D59008B69EE /* TorrentFile.h */ = {isa = PBXFileReference; fileEncoding = 4; lastKnownFileType = sourcecode.c.h; path = TorrentFile.h; sourceTree = "<group>"; };
		2C0688751B948D59008B69EE /* TorrentFile.m */ = {isa = PBXFileReference; fileEncoding = 4; lastKnownFileType = sourcecode.c.objc; path = TorrentFile.m; sourceTree = "<group>"; };
		2C0A2AA11B469D5D0042CAA6 /* FileListFSCell.h */ = {isa = PBXFileReference; fileEncoding = 4; lastKnownFileType = sourcecode.c.h; path = FileListFSCell.h; sourceTree = "<group>"; };
		2C0A2AA21B469D5D0042CAA6 /* FileListFSCell.m */ = {isa = PBXFileReference; fileEncoding = 4; lastKnownFileType = sourcecode.c.objc; path = FileListFSCell.m; sourceTree = "<group>"; };
		2C0A2AA41B469E910042CAA6 /* NSObject+DataObject.h */ = {isa = PBXFileReference; lastKnownFileType = sourcecode.c.h; path = "NSObject+DataObject.h"; sourceTree = "<group>"; };
		2C0A2AA51B469EC00042CAA6 /* NSObject+DataObject.m */ = {isa = PBXFileReference; fileEncoding = 4; lastKnownFileType = sourcecode.c.objc; path = "NSObject+DataObject.m"; sourceTree = "<group>"; };
		2C0E34A21B3FFA1D004303AB /* RPCConfigValues.h */ = {isa = PBXFileReference; lastKnownFileType = sourcecode.c.h; path = RPCConfigValues.h; sourceTree = "<group>"; };
		2C0E34A31B400134004303AB /* TRInfo.h */ = {isa = PBXFileReference; fileEncoding = 4; lastKnownFileType = sourcecode.c.h; path = TRInfo.h; sourceTree = "<group>"; };
		2C0E34A41B400134004303AB /* TRInfo.m */ = {isa = PBXFileReference; fileEncoding = 4; lastKnownFileType = sourcecode.c.objc; path = TRInfo.m; sourceTree = "<group>"; };
		2C0E34A61B4006EB004303AB /* TRInfos.h */ = {isa = PBXFileReference; fileEncoding = 4; lastKnownFileType = sourcecode.c.h; path = TRInfos.h; sourceTree = "<group>"; };
		2C0E34A71B4006EB004303AB /* TRInfos.m */ = {isa = PBXFileReference; fileEncoding = 4; lastKnownFileType = sourcecode.c.objc; path = TRInfos.m; sourceTree = "<group>"; };
		2C2B25481B789B3400C9CB31 /* ru */ = {isa = PBXFileReference; lastKnownFileType = text.plist.strings; name = ru; path = ru.lproj/controllers.strings; sourceTree = "<group>"; };
		2C4673131B3D91BA00CBD6B1 /* RPCConnector.h */ = {isa = PBXFileReference; fileEncoding = 4; lastKnownFileType = sourcecode.c.h; path = RPCConnector.h; sourceTree = "<group>"; };
		2C4673141B3D91BA00CBD6B1 /* RPCConnector.m */ = {isa = PBXFileReference; fileEncoding = 4; lastKnownFileType = sourcecode.c.objc; path = RPCConnector.m; sourceTree = "<group>"; };
		2C5810D61B39A5E50069020D /* TransmissionRPCClient.app */ = {isa = PBXFileReference; explicitFileType = wrapper.application; includeInIndex = 0; path = TransmissionRPCClient.app; sourceTree = BUILT_PRODUCTS_DIR; };
		2C5810DA1B39A5E50069020D /* Info.plist */ = {isa = PBXFileReference; lastKnownFileType = text.plist.xml; path = Info.plist; sourceTree = "<group>"; };
		2C5810DB1B39A5E50069020D /* main.m */ = {isa = PBXFileReference; lastKnownFileType = sourcecode.c.objc; path = main.m; sourceTree = "<group>"; };
		2C5810DD1B39A5E50069020D /* AppDelegate.h */ = {isa = PBXFileReference; lastKnownFileType = sourcecode.c.h; path = AppDelegate.h; sourceTree = "<group>"; };
		2C5810DE1B39A5E50069020D /* AppDelegate.m */ = {isa = PBXFileReference; lastKnownFileType = sourcecode.c.objc; path = AppDelegate.m; sourceTree = "<group>"; };
		2C5810E01B39A5E50069020D /* Images.xcassets */ = {isa = PBXFileReference; lastKnownFileType = folder.assetcatalog; path = Images.xcassets; sourceTree = "<group>"; };
		2C5810F91B39A7B20069020D /* RPCServerConfig.h */ = {isa = PBXFileReference; fileEncoding = 4; lastKnownFileType = sourcecode.c.h; path = RPCServerConfig.h; sourceTree = "<group>"; };
		2C5810FA1B39A7B20069020D /* RPCServerConfig.m */ = {isa = PBXFileReference; fileEncoding = 4; lastKnownFileType = sourcecode.c.objc; path = RPCServerConfig.m; sourceTree = "<group>"; };
		2C58110C1B39C3FC0069020D /* RPCServerConfigController.h */ = {isa = PBXFileReference; fileEncoding = 4; lastKnownFileType = sourcecode.c.h; path = RPCServerConfigController.h; sourceTree = "<group>"; };
		2C58110D1B39C3FC0069020D /* RPCServerConfigController.m */ = {isa = PBXFileReference; fileEncoding = 4; lastKnownFileType = sourcecode.c.objc; path = RPCServerConfigController.m; sourceTree = "<group>"; };
		2C6668321B5BB180004B6FA4 /* Bencoding.h */ = {isa = PBXFileReference; fileEncoding = 4; lastKnownFileType = sourcecode.c.h; path = Bencoding.h; sourceTree = "<group>"; };
		2C6668331B5BB1D3004B6FA4 /* Bencoding.m */ = {isa = PBXFileReference; fileEncoding = 4; lastKnownFileType = sourcecode.c.objc; path = Bencoding.m; sourceTree = "<group>"; };
		2C6D18B11B3B37CC002666C6 /* RPCServerConfigDB.h */ = {isa = PBXFileReference; fileEncoding = 4; lastKnownFileType = sourcecode.c.h; path = RPCServerConfigDB.h; sourceTree = "<group>"; };
		2C6D18B21B3B37CC002666C6 /* RPCServerConfigDB.m */ = {isa = PBXFileReference; fileEncoding = 4; lastKnownFileType = sourcecode.c.objc; path = RPCServerConfigDB.m; sourceTree = "<group>"; };
		2C6D18B41B3B446E002666C6 /* ServerListController.h */ = {isa = PBXFileReference; fileEncoding = 4; lastKnownFileType = sourcecode.c.h; path = ServerListController.h; sourceTree = "<group>"; };
		2C6D18B51B3B446E002666C6 /* ServerListController.m */ = {isa = PBXFileReference; fileEncoding = 4; lastKnownFileType = sourcecode.c.objc; path = ServerListController.m; sourceTree = "<group>"; };
		2C6D18BB1B3B477E002666C6 /* ServerListItemCell.h */ = {isa = PBXFileReference; fileEncoding = 4; lastKnownFileType = sourcecode.c.h; path = ServerListItemCell.h; sourceTree = "<group>"; };
		2C6D18BC1B3B477E002666C6 /* ServerListItemCell.m */ = {isa = PBXFileReference; fileEncoding = 4; lastKnownFileType = sourcecode.c.objc; path = ServerListItemCell.m; sourceTree = "<group>"; };
		2C701C731B98D2E1004C366C /* MagnetURLViewController.h */ = {isa = PBXFileReference; fileEncoding = 4; lastKnownFileType = sourcecode.c.h; path = MagnetURLViewController.h; sourceTree = "<group>"; };
		2C701C741B98D2E1004C366C /* MagnetURLViewController.m */ = {isa = PBXFileReference; fileEncoding = 4; lastKnownFileType = sourcecode.c.objc; path = MagnetURLViewController.m; sourceTree = "<group>"; };
		2C701C771B98DAD4004C366C /* Base */ = {isa = PBXFileReference; lastKnownFileType = file.xib; name = Base; path = Base.lproj/ServerListFooterView.xib; sourceTree = "<group>"; };
		2C701C7A1B98DAD6004C366C /* ru */ = {isa = PBXFileReference; lastKnownFileType = text.plist.strings; name = ru; path = ru.lproj/ServerListFooterView.strings; sourceTree = "<group>"; };
		2C80AEA91B4EBA6B00377E11 /* InfoMessage.h */ = {isa = PBXFileReference; fileEncoding = 4; lastKnownFileType = sourcecode.c.h; path = InfoMessage.h; sourceTree = "<group>"; };
		2C80AEAA1B4EBA6B00377E11 /* InfoMessage.m */ = {isa = PBXFileReference; fileEncoding = 4; lastKnownFileType = sourcecode.c.objc; path = InfoMessage.m; sourceTree = "<group>"; };
		2C80AEAB1B4EBA6B00377E11 /* InfoMessage.xib */ = {isa = PBXFileReference; fileEncoding = 4; lastKnownFileType = file.xib; path = InfoMessage.xib; sourceTree = "<group>"; };
		2C80AEAC1B4EBA6B00377E11 /* InfoMessageIcons.xcassets */ = {isa = PBXFileReference; lastKnownFileType = folder.assetcatalog; path = InfoMessageIcons.xcassets; sourceTree = "<group>"; };
		2C8627561F939747001E314F /* README.md */ = {isa = PBXFileReference; lastKnownFileType = net.daringfireball.markdown; path = README.md; sourceTree = "<group>"; };
		2C9A83F11BB42A4D002D7B00 /* InfoMenuLabel.h */ = {isa = PBXFileReference; fileEncoding = 4; lastKnownFileType = sourcecode.c.h; path = InfoMenuLabel.h; sourceTree = "<group>"; };
		2C9A83F21BB42A4D002D7B00 /* InfoMenuLabel.m */ = {isa = PBXFileReference; fileEncoding = 4; lastKnownFileType = sourcecode.c.objc; path = InfoMenuLabel.m; sourceTree = "<group>"; };
		2CA864FA1B78F5DF002D396C /* Base */ = {isa = PBXFileReference; lastKnownFileType = file.xib; name = Base; path = Base.lproj/torrentTitleSectionHeader.xib; sourceTree = "<group>"; };
		2CABA2E01CC8E9A2004612FE /* WaitViewController.h */ = {isa = PBXFileReference; fileEncoding = 4; lastKnownFileType = sourcecode.c.h; path = WaitViewController.h; sourceTree = "<group>"; };
		2CABA2E11CC8E9A2004612FE /* WaitViewController.m */ = {isa = PBXFileReference; fileEncoding = 4; lastKnownFileType = sourcecode.c.objc; path = WaitViewController.m; sourceTree = "<group>"; };
		2CABA2E31CC8F05F004612FE /* IpAnonimizer.h */ = {isa = PBXFileReference; fileEncoding = 4; lastKnownFileType = sourcecode.c.h; path = IpAnonimizer.h; sourceTree = "<group>"; };
		2CABA2E41CC8F05F004612FE /* IpAnonimizer.m */ = {isa = PBXFileReference; fileEncoding = 4; lastKnownFileType = sourcecode.c.objc; path = IpAnonimizer.m; sourceTree = "<group>"; };
		2CAD1E441B4AC131005BBDBE /* SpeedLimitController.h */ = {isa = PBXFileReference; fileEncoding = 4; lastKnownFileType = sourcecode.c.h; path = SpeedLimitController.h; sourceTree = "<group>"; };
		2CAD1E451B4AC131005BBDBE /* SpeedLimitController.m */ = {isa = PBXFileReference; fileEncoding = 4; lastKnownFileType = sourcecode.c.objc; path = SpeedLimitController.m; sourceTree = "<group>"; };
		2CB651CD1B3DCCBE005C823C /* TorrentListController.h */ = {isa = PBXFileReference; fileEncoding = 4; lastKnownFileType = sourcecode.c.h; path = TorrentListController.h; sourceTree = "<group>"; };
		2CB651CE1B3DCCBE005C823C /* TorrentListController.m */ = {isa = PBXFileReference; fileEncoding = 4; lastKnownFileType = sourcecode.c.objc; path = TorrentListController.m; sourceTree = "<group>"; };
		2CB651D01B3DCDD4005C823C /* TorrentListCell.h */ = {isa = PBXFileReference; fileEncoding = 4; lastKnownFileType = sourcecode.c.h; path = TorrentListCell.h; sourceTree = "<group>"; };
		2CB651D11B3DCDD4005C823C /* TorrentListCell.m */ = {isa = PBXFileReference; fileEncoding = 4; lastKnownFileType = sourcecode.c.objc; path = TorrentListCell.m; sourceTree = "<group>"; };
		2CCA31591B7E11F200DCBA0D /* CheckBox.m */ = {isa = PBXFileReference; fileEncoding = 4; lastKnownFileType = sourcecode.c.objc; path = CheckBox.m; sourceTree = "<group>"; };
		2CE400B61B49927C00BA32C2 /* ChooseServerCell.h */ = {isa = PBXFileReference; fileEncoding = 4; lastKnownFileType = sourcecode.c.h; path = ChooseServerCell.h; sourceTree = "<group>"; };
		2CE400B71B49927C00BA32C2 /* ChooseServerCell.m */ = {isa = PBXFileReference; fileEncoding = 4; lastKnownFileType = sourcecode.c.objc; path = ChooseServerCell.m; sourceTree = "<group>"; };
		2CE400B91B49928F00BA32C2 /* BandwidthPriorityCell.h */ = {isa = PBXFileReference; fileEncoding = 4; lastKnownFileType = sourcecode.c.h; path = BandwidthPriorityCell.h; sourceTree = "<group>"; };
		2CE400BA1B49928F00BA32C2 /* BandwidthPriorityCell.m */ = {isa = PBXFileReference; fileEncoding = 4; lastKnownFileType = sourcecode.c.objc; path = BandwidthPriorityCell.m; sourceTree = "<group>"; };
		2CE400BC1B4992A300BA32C2 /* StartImmidiatelyCell.h */ = {isa = PBXFileReference; fileEncoding = 4; lastKnownFileType = sourcecode.c.h; path = StartImmidiatelyCell.h; sourceTree = "<group>"; };
		2CE400BD1B4992A300BA32C2 /* StartImmidiatelyCell.m */ = {isa = PBXFileReference; fileEncoding = 4; lastKnownFileType = sourcecode.c.objc; path = StartImmidiatelyCell.m; sourceTree = "<group>"; };
		2CE6B45D1B494D1300157841 /* GlobalConsts.h */ = {isa = PBXFileReference; lastKnownFileType = sourcecode.c.h; path = GlobalConsts.h; sourceTree = "<group>"; };
		2CE6B45E1B49598000157841 /* CommonTableController.h */ = {isa = PBXFileReference; fileEncoding = 4; lastKnownFileType = sourcecode.c.h; path = CommonTableController.h; sourceTree = "<group>"; };
		2CE6B45F1B49598000157841 /* CommonTableController.m */ = {isa = PBXFileReference; fileEncoding = 4; lastKnownFileType = sourcecode.c.objc; path = CommonTableController.m; sourceTree = "<group>"; };
		2CE6B4631B495EC700157841 /* GlobalConsts.m */ = {isa = PBXFileReference; fileEncoding = 4; lastKnownFileType = sourcecode.c.objc; path = GlobalConsts.m; sourceTree = "<group>"; };
		2CF2CB9D1B75FE9800C42477 /* FlagDescriptionView.h */ = {isa = PBXFileReference; fileEncoding = 4; lastKnownFileType = sourcecode.c.h; path = FlagDescriptionView.h; sourceTree = "<group>"; };
		2CF2CB9E1B75FE9800C42477 /* FlagDescriptionView.m */ = {isa = PBXFileReference; fileEncoding = 4; lastKnownFileType = sourcecode.c.objc; path = FlagDescriptionView.m; sourceTree = "<group>"; };
		2CF2CBA11B7606A400C42477 /* Base */ = {isa = PBXFileReference; lastKnownFileType = file.xib; name = Base; path = Base.lproj/flagsDescription.xib; sourceTree = "<group>"; };
		2CF2CBA41B7606A800C42477 /* ru */ = {isa = PBXFileReference; lastKnownFileType = text.plist.strings; name = ru; path = ru.lproj/flagsDescription.strings; sourceTree = "<group>"; };
		2CF690991B4BE0D400B2F830 /* FooterViewFreeSpace.xib */ = {isa = PBXFileReference; fileEncoding = 4; lastKnownFileType = file.xib; path = FooterViewFreeSpace.xib; sourceTree = "<group>"; };
		2CF6909A1B4BE0D400B2F830 /* FooterViewFreeSpace.h */ = {isa = PBXFileReference; fileEncoding = 4; lastKnownFileType = sourcecode.c.h; path = FooterViewFreeSpace.h; sourceTree = "<group>"; };
		2CF6909B1B4BE0D400B2F830 /* FooterViewFreeSpace.m */ = {isa = PBXFileReference; fileEncoding = 4; lastKnownFileType = sourcecode.c.objc; path = FooterViewFreeSpace.m; sourceTree = "<group>"; };
		2CF6909E1B4BE49600B2F830 /* HeaderViewDURates.xib */ = {isa = PBXFileReference; fileEncoding = 4; lastKnownFileType = file.xib; path = HeaderViewDURates.xib; sourceTree = "<group>"; };
		2CF690A01B4BE74A00B2F830 /* HeaderViewDURates.h */ = {isa = PBXFileReference; fileEncoding = 4; lastKnownFileType = sourcecode.c.h; path = HeaderViewDURates.h; sourceTree = "<group>"; };
		2CF690A11B4BE74A00B2F830 /* HeaderViewDURates.m */ = {isa = PBXFileReference; fileEncoding = 4; lastKnownFileType = sourcecode.c.objc; path = HeaderViewDURates.m; sourceTree = "<group>"; };
		2CF72FFD1B651180007D5354 /* TrackerListController.h */ = {isa = PBXFileReference; fileEncoding = 4; lastKnownFileType = sourcecode.c.h; path = TrackerListController.h; sourceTree = "<group>"; };
		2CF72FFE1B651180007D5354 /* TrackerListController.m */ = {isa = PBXFileReference; fileEncoding = 4; lastKnownFileType = sourcecode.c.objc; path = TrackerListController.m; sourceTree = "<group>"; };
		2CF730001B6514E5007D5354 /* TrackerInfoCell.h */ = {isa = PBXFileReference; fileEncoding = 4; lastKnownFileType = sourcecode.c.h; path = TrackerInfoCell.h; sourceTree = "<group>"; };
		2CF730011B6514E5007D5354 /* TrackerInfoCell.m */ = {isa = PBXFileReference; fileEncoding = 4; lastKnownFileType = sourcecode.c.objc; path = TrackerInfoCell.m; sourceTree = "<group>"; };
		2CF730071B657D25007D5354 /* ScheduleAltLimitsController.h */ = {isa = PBXFileReference; fileEncoding = 4; lastKnownFileType = sourcecode.c.h; path = ScheduleAltLimitsController.h; sourceTree = "<group>"; };
		2CF730081B657D25007D5354 /* ScheduleAltLimitsController.m */ = {isa = PBXFileReference; fileEncoding = 4; lastKnownFileType = sourcecode.c.objc; path = ScheduleAltLimitsController.m; sourceTree = "<group>"; };
		2CF743D81B7E05BC009D975D /* CheckBox.h */ = {isa = PBXFileReference; fileEncoding = 4; lastKnownFileType = sourcecode.c.h; path = CheckBox.h; sourceTree = "<group>"; };
		2CF7ADAF1B91BE7A00030220 /* AppLogoView.h */ = {isa = PBXFileReference; fileEncoding = 4; lastKnownFileType = sourcecode.c.h; path = AppLogoView.h; sourceTree = "<group>"; };
		2CF7ADB01B91BE7A00030220 /* AppLogoView.m */ = {isa = PBXFileReference; fileEncoding = 4; lastKnownFileType = sourcecode.c.objc; path = AppLogoView.m; sourceTree = "<group>"; };
		2CF7ADB21B91C8A000030220 /* ServerListFooterView.h */ = {isa = PBXFileReference; fileEncoding = 4; lastKnownFileType = sourcecode.c.h; path = ServerListFooterView.h; sourceTree = "<group>"; };
		2CF7ADB31B91C8A000030220 /* ServerListFooterView.m */ = {isa = PBXFileReference; fileEncoding = 4; lastKnownFileType = sourcecode.c.objc; path = ServerListFooterView.m; sourceTree = "<group>"; };
		2CF7D5121B42E78C006D01FD /* PeerListController.h */ = {isa = PBXFileReference; fileEncoding = 4; lastKnownFileType = sourcecode.c.h; path = PeerListController.h; sourceTree = "<group>"; };
		2CF7D5131B42E78C006D01FD /* PeerListController.m */ = {isa = PBXFileReference; fileEncoding = 4; lastKnownFileType = sourcecode.c.objc; path = PeerListController.m; sourceTree = "<group>"; };
		2CF7F31F1B6EBF2B007EEBF6 /* PeerStatCell.h */ = {isa = PBXFileReference; fileEncoding = 4; lastKnownFileType = sourcecode.c.h; path = PeerStatCell.h; sourceTree = "<group>"; };
		2CF7F3201B6EBF2B007EEBF6 /* PeerStatCell.m */ = {isa = PBXFileReference; fileEncoding = 4; lastKnownFileType = sourcecode.c.objc; path = PeerStatCell.m; sourceTree = "<group>"; };
		2CF861421B77BD0D00E47F53 /* TorrentTitleSectionHeaderView.h */ = {isa = PBXFileReference; fileEncoding = 4; lastKnownFileType = sourcecode.c.h; path = TorrentTitleSectionHeaderView.h; sourceTree = "<group>"; };
		2CF861431B77BD0D00E47F53 /* TorrentTitleSectionHeaderView.m */ = {isa = PBXFileReference; fileEncoding = 4; lastKnownFileType = sourcecode.c.objc; path = TorrentTitleSectionHeaderView.m; sourceTree = "<group>"; };
		2CF861471B77C0C300E47F53 /* icons.xcassets */ = {isa = PBXFileReference; lastKnownFileType = folder.assetcatalog; path = icons.xcassets; sourceTree = "<group>"; };
		2CF8C7631B4302F7005A7DD6 /* PeerListCell.h */ = {isa = PBXFileReference; fileEncoding = 4; lastKnownFileType = sourcecode.c.h; path = PeerListCell.h; sourceTree = "<group>"; };
		2CF8C7641B4302F7005A7DD6 /* PeerListCell.m */ = {isa = PBXFileReference; fileEncoding = 4; lastKnownFileType = sourcecode.c.objc; path = PeerListCell.m; sourceTree = "<group>"; };
		2CF8EF761B61736100EB8D5D /* TrackerListCell.h */ = {isa = PBXFileReference; fileEncoding = 4; lastKnownFileType = sourcecode.c.h; path = TrackerListCell.h; sourceTree = "<group>"; };
		2CF8EF771B61736100EB8D5D /* TrackerListCell.m */ = {isa = PBXFileReference; fileEncoding = 4; lastKnownFileType = sourcecode.c.objc; path = TrackerListCell.m; sourceTree = "<group>"; };
		2CF8EF791B6179AE00EB8D5D /* TrackerStat.h */ = {isa = PBXFileReference; fileEncoding = 4; lastKnownFileType = sourcecode.c.h; path = TrackerStat.h; sourceTree = "<group>"; };
		2CF8EF7A1B6179AE00EB8D5D /* TrackerStat.m */ = {isa = PBXFileReference; fileEncoding = 4; lastKnownFileType = sourcecode.c.objc; path = TrackerStat.m; sourceTree = "<group>"; };
		2CF8F3221B876A4A00982AA2 /* IconCloud.h */ = {isa = PBXFileReference; fileEncoding = 4; lastKnownFileType = sourcecode.c.h; path = IconCloud.h; sourceTree = "<group>"; };
		2CF8F3231B876A4A00982AA2 /* IconCloud.m */ = {isa = PBXFileReference; fileEncoding = 4; lastKnownFileType = sourcecode.c.objc; path = IconCloud.m; sourceTree = "<group>"; };
		2CF8F3251B876A6700982AA2 /* IconHalfCloud.h */ = {isa = PBXFileReference; fileEncoding = 4; lastKnownFileType = sourcecode.c.h; path = IconHalfCloud.h; sourceTree = "<group>"; };
		2CF8F3261B876A6700982AA2 /* IconHalfCloud.m */ = {isa = PBXFileReference; fileEncoding = 4; lastKnownFileType = sourcecode.c.objc; path = IconHalfCloud.m; sourceTree = "<group>"; };
		2CF911941B41B605003D0753 /* ChooseServerToAddTorrentController.h */ = {isa = PBXFileReference; fileEncoding = 4; lastKnownFileType = sourcecode.c.h; path = ChooseServerToAddTorrentController.h; sourceTree = "<group>"; };
		2CF911951B41B605003D0753 /* ChooseServerToAddTorrentController.m */ = {isa = PBXFileReference; fileEncoding = 4; lastKnownFileType = sourcecode.c.objc; path = ChooseServerToAddTorrentController.m; sourceTree = "<group>"; };
		2CF911971B41CD66003D0753 /* TorrentInfoController.m */ = {isa = PBXFileReference; fileEncoding = 4; lastKnownFileType = sourcecode.c.objc; path = TorrentInfoController.m; sourceTree = "<group>"; };
		2CF9153F1BB463FD00E84A7C /* PiecesLegendViewController.h */ = {isa = PBXFileReference; fileEncoding = 4; lastKnownFileType = sourcecode.c.h; path = PiecesLegendViewController.h; sourceTree = "<group>"; };
		2CF915401BB463FD00E84A7C /* PiecesLegendViewController.m */ = {isa = PBXFileReference; fileEncoding = 4; lastKnownFileType = sourcecode.c.objc; path = PiecesLegendViewController.m; sourceTree = "<group>"; };
		2CF91D0F1B3C8B3B0093637A /* StatusListController.h */ = {isa = PBXFileReference; fileEncoding = 4; lastKnownFileType = sourcecode.c.h; path = StatusListController.h; sourceTree = "<group>"; };
		2CF91D101B3C8B3B0093637A /* StatusListController.m */ = {isa = PBXFileReference; fileEncoding = 4; lastKnownFileType = sourcecode.c.objc; path = StatusListController.m; sourceTree = "<group>"; };
		2CF953931BBDA4F00009C785 /* TorrentListProgressView.h */ = {isa = PBXFileReference; fileEncoding = 4; lastKnownFileType = sourcecode.c.h; path = TorrentListProgressView.h; sourceTree = "<group>"; };
		2CF953941BBDA4F00009C785 /* TorrentListProgressView.m */ = {isa = PBXFileReference; fileEncoding = 4; lastKnownFileType = sourcecode.c.objc; path = TorrentListProgressView.m; sourceTree = "<group>"; };
		2CF964EA1B4D5DB9006D8C7E /* docIcon_22x29.png */ = {isa = PBXFileReference; lastKnownFileType = image.png; path = docIcon_22x29.png; sourceTree = "<group>"; };
		2CF964EB1B4D5DB9006D8C7E /* docIcon_44x58.png */ = {isa = PBXFileReference; lastKnownFileType = image.png; path = docIcon_44x58.png; sourceTree = "<group>"; };
		2CF964EC1B4D5DB9006D8C7E /* docIcon_64x64.png */ = {isa = PBXFileReference; lastKnownFileType = image.png; path = docIcon_64x64.png; sourceTree = "<group>"; };
		2CF964ED1B4D5DB9006D8C7E /* docIcon_320x320.png */ = {isa = PBXFileReference; lastKnownFileType = image.png; path = docIcon_320x320.png; sourceTree = "<group>"; };
		2CF971A91B790379008EE25D /* GeoIpConnector.h */ = {isa = PBXFileReference; fileEncoding = 4; lastKnownFileType = sourcecode.c.h; path = GeoIpConnector.h; sourceTree = "<group>"; };
		2CF971AA1B790379008EE25D /* GeoIpConnector.m */ = {isa = PBXFileReference; fileEncoding = 4; lastKnownFileType = sourcecode.c.objc; path = GeoIpConnector.m; sourceTree = "<group>"; };
		2CF971AD1B790B23008EE25D /* IPGeoInfoController.h */ = {isa = PBXFileReference; fileEncoding = 4; lastKnownFileType = sourcecode.c.h; path = IPGeoInfoController.h; sourceTree = "<group>"; };
		2CF971AE1B790B23008EE25D /* IPGeoInfoController.m */ = {isa = PBXFileReference; fileEncoding = 4; lastKnownFileType = sourcecode.c.objc; path = IPGeoInfoController.m; sourceTree = "<group>"; };
		2CF9C4CD1B84EE3B00DA4487 /* IconFS.h */ = {isa = PBXFileReference; fileEncoding = 4; lastKnownFileType = sourcecode.c.h; path = IconFS.h; sourceTree = "<group>"; };
		2CF9C4CE1B84EE3B00DA4487 /* IconFS.m */ = {isa = PBXFileReference; fileEncoding = 4; lastKnownFileType = sourcecode.c.objc; path = IconFS.m; sourceTree = "<group>"; };
		2CFA5E0E1B43237400262C36 /* TRFileInfo.h */ = {isa = PBXFileReference; fileEncoding = 4; lastKnownFileType = sourcecode.c.h; path = TRFileInfo.h; sourceTree = "<group>"; };
		2CFA5E0F1B43237400262C36 /* TRFileInfo.m */ = {isa = PBXFileReference; fileEncoding = 4; lastKnownFileType = sourcecode.c.objc; path = TRFileInfo.m; sourceTree = "<group>"; };
		2CFA5E121B432ABF00262C36 /* FileListController.h */ = {isa = PBXFileReference; fileEncoding = 4; lastKnownFileType = sourcecode.c.h; path = FileListController.h; sourceTree = "<group>"; };
		2CFA5E131B432ABF00262C36 /* FileListController.m */ = {isa = PBXFileReference; fileEncoding = 4; lastKnownFileType = sourcecode.c.objc; path = FileListController.m; sourceTree = "<group>"; };
		2CFA61B71B413C66002D89B7 /* TorrentInfoController.h */ = {isa = PBXFileReference; fileEncoding = 4; lastKnownFileType = sourcecode.c.h; path = TorrentInfoController.h; sourceTree = "<group>"; };
		2CFA9DBF1B42CE0D005629C2 /* TRPeerInfo.h */ = {isa = PBXFileReference; fileEncoding = 4; lastKnownFileType = sourcecode.c.h; path = TRPeerInfo.h; sourceTree = "<group>"; };
		2CFA9DC01B42CE0D005629C2 /* TRPeerInfo.m */ = {isa = PBXFileReference; fileEncoding = 4; lastKnownFileType = sourcecode.c.objc; path = TRPeerInfo.m; sourceTree = "<group>"; };
		2CFAB9101B49ACCB00BE71D9 /* SessionConfigController.h */ = {isa = PBXFileReference; fileEncoding = 4; lastKnownFileType = sourcecode.c.h; path = SessionConfigController.h; sourceTree = "<group>"; };
		2CFAB9111B49ACCB00BE71D9 /* SessionConfigController.m */ = {isa = PBXFileReference; fileEncoding = 4; lastKnownFileType = sourcecode.c.objc; path = SessionConfigController.m; sourceTree = "<group>"; };
		2CFAB9131B49B7FD00BE71D9 /* TRSessionInfo.h */ = {isa = PBXFileReference; fileEncoding = 4; lastKnownFileType = sourcecode.c.h; path = TRSessionInfo.h; sourceTree = "<group>"; };
		2CFAB9141B49B7FD00BE71D9 /* TRSessionInfo.m */ = {isa = PBXFileReference; fileEncoding = 4; lastKnownFileType = sourcecode.c.objc; path = TRSessionInfo.m; sourceTree = "<group>"; };
		2CFB92CE1B56D25400C83354 /* Base */ = {isa = PBXFileReference; lastKnownFileType = file.storyboard; name = Base; path = Base.lproj/controllers.storyboard; sourceTree = "<group>"; };
		2CFB9BA71B56FA1300D4A51C /* Base */ = {isa = PBXFileReference; lastKnownFileType = text.plist.strings; name = Base; path = Base.lproj/Localizable.strings; sourceTree = "<group>"; };
		2CFB9BA91B56FA1F00D4A51C /* ru */ = {isa = PBXFileReference; lastKnownFileType = text.plist.strings; name = ru; path = ru.lproj/Localizable.strings; sourceTree = "<group>"; };
		2CFBA7961B4FA9D600202281 /* TransmissionRPCClient.entitlements */ = {isa = PBXFileReference; lastKnownFileType = text.xml; path = TransmissionRPCClient.entitlements; sourceTree = "<group>"; };
		2CFBA7971B5017DA00202281 /* RateLimitTable.h */ = {isa = PBXFileReference; fileEncoding = 4; lastKnownFileType = sourcecode.c.h; path = RateLimitTable.h; sourceTree = "<group>"; };
		2CFBA7981B5017DA00202281 /* RateLimitTable.m */ = {isa = PBXFileReference; fileEncoding = 4; lastKnownFileType = sourcecode.c.objc; path = RateLimitTable.m; sourceTree = "<group>"; };
		2CFBE1CA1B458F6100B15DEE /* FSDirectory.h */ = {isa = PBXFileReference; fileEncoding = 4; lastKnownFileType = sourcecode.c.h; path = FSDirectory.h; sourceTree = "<group>"; };
		2CFBE1CB1B458F6100B15DEE /* FSDirectory.m */ = {isa = PBXFileReference; fileEncoding = 4; lastKnownFileType = sourcecode.c.objc; path = FSDirectory.m; sourceTree = "<group>"; };
		2CFC267C1B44580E0070CC1C /* StatusListCell.h */ = {isa = PBXFileReference; fileEncoding = 4; lastKnownFileType = sourcecode.c.h; path = StatusListCell.h; sourceTree = "<group>"; };
		2CFC267D1B44580E0070CC1C /* StatusListCell.m */ = {isa = PBXFileReference; fileEncoding = 4; lastKnownFileType = sourcecode.c.objc; path = StatusListCell.m; sourceTree = "<group>"; };
		2CFC54D01BB71E9D000F5E38 /* FileListTouchAreaView.h */ = {isa = PBXFileReference; fileEncoding = 4; lastKnownFileType = sourcecode.c.h; path = FileListTouchAreaView.h; sourceTree = "<group>"; };
		2CFC54D11BB71E9D000F5E38 /* FileListTouchAreaView.m */ = {isa = PBXFileReference; fileEncoding = 4; lastKnownFileType = sourcecode.c.objc; path = FileListTouchAreaView.m; sourceTree = "<group>"; };
/* End PBXFileReference section */

/* Begin PBXFrameworksBuildPhase section */
		2C5810D31B39A5E50069020D /* Frameworks */ = {
			isa = PBXFrameworksBuildPhase;
			buildActionMask = 2147483647;
			files = (
			);
			runOnlyForDeploymentPostprocessing = 0;
		};
/* End PBXFrameworksBuildPhase section */

/* Begin PBXGroup section */
		2C5810CD1B39A5E50069020D = {
			isa = PBXGroup;
			children = (
				2C5810D81B39A5E50069020D /* TransmissionRPCClient */,
				2C5810D71B39A5E50069020D /* Products */,
				2C8627561F939747001E314F /* README.md */,
			);
			sourceTree = "<group>";
		};
		2C5810D71B39A5E50069020D /* Products */ = {
			isa = PBXGroup;
			children = (
				2C5810D61B39A5E50069020D /* TransmissionRPCClient.app */,
			);
			name = Products;
			sourceTree = "<group>";
		};
		2C5810D81B39A5E50069020D /* TransmissionRPCClient */ = {
			isa = PBXGroup;
			children = (
				2C6668311B5BB164004B6FA4 /* Bencoding */,
				2C5810DD1B39A5E50069020D /* AppDelegate.h */,
				2C5810DE1B39A5E50069020D /* AppDelegate.m */,
				2CF91D0D1B3C62BF0093637A /* Model */,
				2C5810FC1B39BBB50069020D /* UI Controllers */,
				2C80AEA71B4EBA4F00377E11 /* UI addons */,
				2C5810D91B39A5E50069020D /* Supporting Files */,
			);
			path = TransmissionRPCClient;
			sourceTree = "<group>";
		};
		2C5810D91B39A5E50069020D /* Supporting Files */ = {
			isa = PBXGroup;
			children = (
				2CF9AF031B4D59B800D687C7 /* docIcons */,
				2CFB9BA81B56FA1300D4A51C /* Localizable.strings */,
				2C5810E01B39A5E50069020D /* Images.xcassets */,
				2C5810DA1B39A5E50069020D /* Info.plist */,
				2C5810DB1B39A5E50069020D /* main.m */,
			);
			name = "Supporting Files";
			sourceTree = "<group>";
		};
		2C5810FC1B39BBB50069020D /* UI Controllers */ = {
			isa = PBXGroup;
			children = (
				2CFB92CF1B56D25400C83354 /* controllers.storyboard */,
				2CF9153E1BB463D500E84A7C /* Pieces Legend Controller */,
				2CF971AC1B790B02008EE25D /* GeoIP Controller */,
				2CF7300A1B657D2D007D5354 /* Schedule DayTime Controller */,
				2CF72FFC1B65114A007D5354 /* Tracker list Controller */,
				2CF690981B4BE0B400B2F830 /* Title Views */,
				2CAD1E431B4AC117005BBDBE /* Speed limit Controller */,
				2CFAB90F1B49ACA100BE71D9 /* Session Config Controller */,
				2CFA5E111B432AA400262C36 /* File List Controller */,
				2CF7D5111B42E768006D01FD /* Peers Controller */,
				2CF911931B41B5C2003D0753 /* Choose server Controller */,
				2CFA61BA1B413C74002D89B7 /* Torrent Info Controller */,
				2CB651CC1B3DCC91005C823C /* Torrent list controller */,
				2CF91D0E1B3C8B000093637A /* Status list controller */,
				2C6D18B71B3B4706002666C6 /* Server list controller */,
				2C58110B1B39C3BA0069020D /* RPC Server Config Controller */,
				2CF999D71B4C290500F4233C /* Common Table Controller */,
				2CE6B45D1B494D1300157841 /* GlobalConsts.h */,
				2CE6B4631B495EC700157841 /* GlobalConsts.m */,
			);
			name = "UI Controllers";
			sourceTree = "<group>";
		};
		2C58110B1B39C3BA0069020D /* RPC Server Config Controller */ = {
			isa = PBXGroup;
			children = (
				2C58110C1B39C3FC0069020D /* RPCServerConfigController.h */,
				2C58110D1B39C3FC0069020D /* RPCServerConfigController.m */,
			);
			name = "RPC Server Config Controller";
			sourceTree = "<group>";
		};
		2C6668311B5BB164004B6FA4 /* Bencoding */ = {
			isa = PBXGroup;
			children = (
				2C6668321B5BB180004B6FA4 /* Bencoding.h */,
				2C6668331B5BB1D3004B6FA4 /* Bencoding.m */,
			);
			name = Bencoding;
			sourceTree = "<group>";
		};
		2C6757441B530B52005C9EDC /* Model */ = {
			isa = PBXGroup;
			children = (
				2C039F391B52D33C00233534 /* StatusCategory.h */,
				2C039F3A1B52D33C00233534 /* StatusCategory.m */,
				2C039F3C1B52D3DD00233534 /* StatusCategories.h */,
				2C039F3D1B52D3DD00233534 /* StatusCategories.m */,
			);
			name = Model;
			sourceTree = "<group>";
		};
		2C6D18B71B3B4706002666C6 /* Server list controller */ = {
			isa = PBXGroup;
			children = (
				2CF7ADAC1B91B64D00030220 /* Footer logo view */,
				2C6D18BB1B3B477E002666C6 /* ServerListItemCell.h */,
				2C6D18BC1B3B477E002666C6 /* ServerListItemCell.m */,
				2C6D18B41B3B446E002666C6 /* ServerListController.h */,
				2C6D18B51B3B446E002666C6 /* ServerListController.m */,
			);
			name = "Server list controller";
			sourceTree = "<group>";
		};
		2C701C721B98D2BB004C366C /* Magnet URL Controller */ = {
			isa = PBXGroup;
			children = (
				2C701C731B98D2E1004C366C /* MagnetURLViewController.h */,
				2C701C741B98D2E1004C366C /* MagnetURLViewController.m */,
			);
			name = "Magnet URL Controller";
			sourceTree = "<group>";
		};
		2C80AEA71B4EBA4F00377E11 /* UI addons */ = {
			isa = PBXGroup;
			children = (
				2CF743D71B7E05A9009D975D /* CheckBox Control */,
				2C80AEA81B4EBA5A00377E11 /* Info Message */,
			);
			name = "UI addons";
			sourceTree = "<group>";
		};
		2C80AEA81B4EBA5A00377E11 /* Info Message */ = {
			isa = PBXGroup;
			children = (
				2C80AEA91B4EBA6B00377E11 /* InfoMessage.h */,
				2C80AEAA1B4EBA6B00377E11 /* InfoMessage.m */,
				2C80AEAB1B4EBA6B00377E11 /* InfoMessage.xib */,
				2C80AEAC1B4EBA6B00377E11 /* InfoMessageIcons.xcassets */,
			);
			name = "Info Message";
			sourceTree = "<group>";
		};
		2CAD1E431B4AC117005BBDBE /* Speed limit Controller */ = {
			isa = PBXGroup;
			children = (
				2CAD1E441B4AC131005BBDBE /* SpeedLimitController.h */,
				2CAD1E451B4AC131005BBDBE /* SpeedLimitController.m */,
			);
			name = "Speed limit Controller";
			sourceTree = "<group>";
		};
		2CB651CC1B3DCC91005C823C /* Torrent list controller */ = {
			isa = PBXGroup;
			children = (
				2CF8F3221B876A4A00982AA2 /* IconCloud.h */,
				2CF8F3231B876A4A00982AA2 /* IconCloud.m */,
				2CB651CD1B3DCCBE005C823C /* TorrentListController.h */,
				2CB651CE1B3DCCBE005C823C /* TorrentListController.m */,
				2CB651D01B3DCDD4005C823C /* TorrentListCell.h */,
				2CB651D11B3DCDD4005C823C /* TorrentListCell.m */,
				2CF953931BBDA4F00009C785 /* TorrentListProgressView.h */,
				2CF953941BBDA4F00009C785 /* TorrentListProgressView.m */,
			);
			name = "Torrent list controller";
			sourceTree = "<group>";
		};
		2CF2CB9A1B75FC5A00C42477 /* Flags description */ = {
			isa = PBXGroup;
			children = (
				2CF2CBA21B7606A400C42477 /* flagsDescription.xib */,
				2CF2CB9D1B75FE9800C42477 /* FlagDescriptionView.h */,
				2CF2CB9E1B75FE9800C42477 /* FlagDescriptionView.m */,
			);
			name = "Flags description";
			sourceTree = "<group>";
		};
		2CF690981B4BE0B400B2F830 /* Title Views */ = {
			isa = PBXGroup;
			children = (
				2CF8F3251B876A6700982AA2 /* IconHalfCloud.h */,
				2CF8F3261B876A6700982AA2 /* IconHalfCloud.m */,
				2CF690991B4BE0D400B2F830 /* FooterViewFreeSpace.xib */,
				2CF6909A1B4BE0D400B2F830 /* FooterViewFreeSpace.h */,
				2CF6909B1B4BE0D400B2F830 /* FooterViewFreeSpace.m */,
				2CF6909E1B4BE49600B2F830 /* HeaderViewDURates.xib */,
				2CF690A01B4BE74A00B2F830 /* HeaderViewDURates.h */,
				2CF690A11B4BE74A00B2F830 /* HeaderViewDURates.m */,
			);
			name = "Title Views";
			sourceTree = "<group>";
		};
		2CF72FFC1B65114A007D5354 /* Tracker list Controller */ = {
			isa = PBXGroup;
			children = (
				2CF72FFD1B651180007D5354 /* TrackerListController.h */,
				2CF72FFE1B651180007D5354 /* TrackerListController.m */,
				2CF730001B6514E5007D5354 /* TrackerInfoCell.h */,
				2CF730011B6514E5007D5354 /* TrackerInfoCell.m */,
			);
			name = "Tracker list Controller";
			sourceTree = "<group>";
		};
		2CF7300A1B657D2D007D5354 /* Schedule DayTime Controller */ = {
			isa = PBXGroup;
			children = (
				2CF730071B657D25007D5354 /* ScheduleAltLimitsController.h */,
				2CF730081B657D25007D5354 /* ScheduleAltLimitsController.m */,
			);
			name = "Schedule DayTime Controller";
			sourceTree = "<group>";
		};
		2CF743D71B7E05A9009D975D /* CheckBox Control */ = {
			isa = PBXGroup;
			children = (
				2CF743D81B7E05BC009D975D /* CheckBox.h */,
				2CCA31591B7E11F200DCBA0D /* CheckBox.m */,
			);
			name = "CheckBox Control";
			sourceTree = "<group>";
		};
		2CF7ADAC1B91B64D00030220 /* Footer logo view */ = {
			isa = PBXGroup;
			children = (
				2C701C781B98DAD4004C366C /* ServerListFooterView.xib */,
				2CF7ADAF1B91BE7A00030220 /* AppLogoView.h */,
				2CF7ADB01B91BE7A00030220 /* AppLogoView.m */,
				2CF7ADB21B91C8A000030220 /* ServerListFooterView.h */,
				2CF7ADB31B91C8A000030220 /* ServerListFooterView.m */,
			);
			name = "Footer logo view";
			sourceTree = "<group>";
		};
		2CF7D5111B42E768006D01FD /* Peers Controller */ = {
			isa = PBXGroup;
			children = (
				2CF2CB9A1B75FC5A00C42477 /* Flags description */,
				2CF7D5121B42E78C006D01FD /* PeerListController.h */,
				2CF7D5131B42E78C006D01FD /* PeerListController.m */,
				2CF8C7631B4302F7005A7DD6 /* PeerListCell.h */,
				2CF8C7641B4302F7005A7DD6 /* PeerListCell.m */,
				2CF7F31F1B6EBF2B007EEBF6 /* PeerStatCell.h */,
				2CF7F3201B6EBF2B007EEBF6 /* PeerStatCell.m */,
			);
			name = "Peers Controller";
			sourceTree = "<group>";
		};
		2CF861411B77BCDE00E47F53 /* Torrent name view */ = {
			isa = PBXGroup;
			children = (
				2CF861421B77BD0D00E47F53 /* TorrentTitleSectionHeaderView.h */,
				2CF861431B77BD0D00E47F53 /* TorrentTitleSectionHeaderView.m */,
				2C9DDA091B77CA78008F16BF /* torrentTitleSectionHeader.xib */,
				2CF861471B77C0C300E47F53 /* icons.xcassets */,
			);
			name = "Torrent name view";
			sourceTree = "<group>";
		};
		2CF911931B41B5C2003D0753 /* Choose server Controller */ = {
			isa = PBXGroup;
			children = (
				2CF861411B77BCDE00E47F53 /* Torrent name view */,
				2CF911941B41B605003D0753 /* ChooseServerToAddTorrentController.h */,
				2CF911951B41B605003D0753 /* ChooseServerToAddTorrentController.m */,
				2CE400B61B49927C00BA32C2 /* ChooseServerCell.h */,
				2CE400B71B49927C00BA32C2 /* ChooseServerCell.m */,
				2CE400B91B49928F00BA32C2 /* BandwidthPriorityCell.h */,
				2CE400BA1B49928F00BA32C2 /* BandwidthPriorityCell.m */,
				2CE400BC1B4992A300BA32C2 /* StartImmidiatelyCell.h */,
				2CE400BD1B4992A300BA32C2 /* StartImmidiatelyCell.m */,
				2CF8EF761B61736100EB8D5D /* TrackerListCell.h */,
				2CF8EF771B61736100EB8D5D /* TrackerListCell.m */,
			);
			name = "Choose server Controller";
			sourceTree = "<group>";
		};
		2CF9153E1BB463D500E84A7C /* Pieces Legend Controller */ = {
			isa = PBXGroup;
			children = (
				2CF9153F1BB463FD00E84A7C /* PiecesLegendViewController.h */,
				2CF915401BB463FD00E84A7C /* PiecesLegendViewController.m */,
			);
			name = "Pieces Legend Controller";
			sourceTree = "<group>";
		};
		2CF91D0D1B3C62BF0093637A /* Model */ = {
			isa = PBXGroup;
			children = (
				2C6D18B11B3B37CC002666C6 /* RPCServerConfigDB.h */,
				2C6D18B21B3B37CC002666C6 /* RPCServerConfigDB.m */,
				2C5810F91B39A7B20069020D /* RPCServerConfig.h */,
				2C5810FA1B39A7B20069020D /* RPCServerConfig.m */,
				2C0E34A21B3FFA1D004303AB /* RPCConfigValues.h */,
				2C4673131B3D91BA00CBD6B1 /* RPCConnector.h */,
				2C4673141B3D91BA00CBD6B1 /* RPCConnector.m */,
				2C0E34A31B400134004303AB /* TRInfo.h */,
				2C0E34A41B400134004303AB /* TRInfo.m */,
				2C0E34A61B4006EB004303AB /* TRInfos.h */,
				2C0E34A71B4006EB004303AB /* TRInfos.m */,
				2CFA9DBF1B42CE0D005629C2 /* TRPeerInfo.h */,
				2CFA9DC01B42CE0D005629C2 /* TRPeerInfo.m */,
				2CFA5E0E1B43237400262C36 /* TRFileInfo.h */,
				2CFA5E0F1B43237400262C36 /* TRFileInfo.m */,
				2CFAB9131B49B7FD00BE71D9 /* TRSessionInfo.h */,
				2CFAB9141B49B7FD00BE71D9 /* TRSessionInfo.m */,
				2CFBE1CA1B458F6100B15DEE /* FSDirectory.h */,
				2CFBE1CB1B458F6100B15DEE /* FSDirectory.m */,
				2C0A2AA41B469E910042CAA6 /* NSObject+DataObject.h */,
				2C0A2AA51B469EC00042CAA6 /* NSObject+DataObject.m */,
				2CFBA7971B5017DA00202281 /* RateLimitTable.h */,
				2CFBA7981B5017DA00202281 /* RateLimitTable.m */,
				2CF8EF791B6179AE00EB8D5D /* TrackerStat.h */,
				2CF8EF7A1B6179AE00EB8D5D /* TrackerStat.m */,
				2CF971A91B790379008EE25D /* GeoIpConnector.h */,
				2CF971AA1B790379008EE25D /* GeoIpConnector.m */,
				2CABA2E31CC8F05F004612FE /* IpAnonimizer.h */,
				2CABA2E41CC8F05F004612FE /* IpAnonimizer.m */,
				2C0688711B948C32008B69EE /* MagnetURL.h */,
				2C0688721B948C32008B69EE /* MagnetURL.m */,
				2C0688741B948D59008B69EE /* TorrentFile.h */,
				2C0688751B948D59008B69EE /* TorrentFile.m */,
			);
			name = Model;
			sourceTree = "<group>";
		};
		2CF91D0E1B3C8B000093637A /* Status list controller */ = {
			isa = PBXGroup;
			children = (
				2C6757441B530B52005C9EDC /* Model */,
				2CF91D0F1B3C8B3B0093637A /* StatusListController.h */,
				2CF91D101B3C8B3B0093637A /* StatusListController.m */,
				2CFC267C1B44580E0070CC1C /* StatusListCell.h */,
				2CFC267D1B44580E0070CC1C /* StatusListCell.m */,
			);
			name = "Status list controller";
			sourceTree = "<group>";
		};
		2CF971AC1B790B02008EE25D /* GeoIP Controller */ = {
			isa = PBXGroup;
			children = (
				2CF971AD1B790B23008EE25D /* IPGeoInfoController.h */,
				2CF971AE1B790B23008EE25D /* IPGeoInfoController.m */,
			);
			name = "GeoIP Controller";
			sourceTree = "<group>";
		};
		2CF999D71B4C290500F4233C /* Common Table Controller */ = {
			isa = PBXGroup;
			children = (
				2CE6B45E1B49598000157841 /* CommonTableController.h */,
				2CE6B45F1B49598000157841 /* CommonTableController.m */,
			);
			name = "Common Table Controller";
			sourceTree = "<group>";
		};
		2CF9AF031B4D59B800D687C7 /* docIcons */ = {
			isa = PBXGroup;
			children = (
				2CFBA7961B4FA9D600202281 /* TransmissionRPCClient.entitlements */,
				2CF964EA1B4D5DB9006D8C7E /* docIcon_22x29.png */,
				2CF964EB1B4D5DB9006D8C7E /* docIcon_44x58.png */,
				2CF964EC1B4D5DB9006D8C7E /* docIcon_64x64.png */,
				2CF964ED1B4D5DB9006D8C7E /* docIcon_320x320.png */,
			);
			name = docIcons;
			sourceTree = "<group>";
		};
		2CFA5E111B432AA400262C36 /* File List Controller */ = {
			isa = PBXGroup;
			children = (
				2CFA5E121B432ABF00262C36 /* FileListController.h */,
				2CFA5E131B432ABF00262C36 /* FileListController.m */,
				2CF9C4CD1B84EE3B00DA4487 /* IconFS.h */,
				2CF9C4CE1B84EE3B00DA4487 /* IconFS.m */,
				2C0A2AA11B469D5D0042CAA6 /* FileListFSCell.h */,
				2C0A2AA21B469D5D0042CAA6 /* FileListFSCell.m */,
				2CFC54D01BB71E9D000F5E38 /* FileListTouchAreaView.h */,
				2CFC54D11BB71E9D000F5E38 /* FileListTouchAreaView.m */,
			);
			name = "File List Controller";
			sourceTree = "<group>";
		};
		2CFA61BA1B413C74002D89B7 /* Torrent Info Controller */ = {
			isa = PBXGroup;
			children = (
				2C701C721B98D2BB004C366C /* Magnet URL Controller */,
				2CFA61B71B413C66002D89B7 /* TorrentInfoController.h */,
				2CF911971B41CD66003D0753 /* TorrentInfoController.m */,
				2C9A83F11BB42A4D002D7B00 /* InfoMenuLabel.h */,
				2C9A83F21BB42A4D002D7B00 /* InfoMenuLabel.m */,
				2CABA2E01CC8E9A2004612FE /* WaitViewController.h */,
				2CABA2E11CC8E9A2004612FE /* WaitViewController.m */,
			);
			name = "Torrent Info Controller";
			sourceTree = "<group>";
		};
		2CFAB90F1B49ACA100BE71D9 /* Session Config Controller */ = {
			isa = PBXGroup;
			children = (
				2CFAB9101B49ACCB00BE71D9 /* SessionConfigController.h */,
				2CFAB9111B49ACCB00BE71D9 /* SessionConfigController.m */,
			);
			name = "Session Config Controller";
			sourceTree = "<group>";
		};
/* End PBXGroup section */

/* Begin PBXNativeTarget section */
		2C5810D51B39A5E50069020D /* TransmissionRPCClient */ = {
			isa = PBXNativeTarget;
			buildConfigurationList = 2C5810F31B39A5E50069020D /* Build configuration list for PBXNativeTarget "TransmissionRPCClient" */;
			buildPhases = (
				2C5810D21B39A5E50069020D /* Sources */,
				2C5810D31B39A5E50069020D /* Frameworks */,
				2C5810D41B39A5E50069020D /* Resources */,
				2CF9DF391B504D0600C82356 /* ShellScript */,
			);
			buildRules = (
			);
			dependencies = (
			);
			name = TransmissionRPCClient;
			productName = TransmissionRPCClient;
			productReference = 2C5810D61B39A5E50069020D /* TransmissionRPCClient.app */;
			productType = "com.apple.product-type.application";
		};
/* End PBXNativeTarget section */

/* Begin PBXProject section */
		2C5810CE1B39A5E50069020D /* Project object */ = {
			isa = PBXProject;
			attributes = {
				LastUpgradeCheck = 0900;
				ORGANIZATIONNAME = "Alexey Chechetkin";
				TargetAttributes = {
					2C5810D51B39A5E50069020D = {
						CreatedOnToolsVersion = 6.3.2;
						DevelopmentTeam = FGPFWZ8YAM;
						ProvisioningStyle = Automatic;
						SystemCapabilities = {
							com.apple.BackgroundModes = {
								enabled = 1;
							};
							com.apple.WAC = {
								enabled = 0;
							};
						};
					};
				};
			};
			buildConfigurationList = 2C5810D11B39A5E50069020D /* Build configuration list for PBXProject "TransmissionRPCClient" */;
			compatibilityVersion = "Xcode 3.2";
			developmentRegion = English;
			hasScannedForEncodings = 0;
			knownRegions = (
				en,
				Base,
				ru,
			);
			mainGroup = 2C5810CD1B39A5E50069020D;
			productRefGroup = 2C5810D71B39A5E50069020D /* Products */;
			projectDirPath = "";
			projectRoot = "";
			targets = (
				2C5810D51B39A5E50069020D /* TransmissionRPCClient */,
			);
		};
/* End PBXProject section */

/* Begin PBXResourcesBuildPhase section */
		2C5810D41B39A5E50069020D /* Resources */ = {
			isa = PBXResourcesBuildPhase;
			buildActionMask = 2147483647;
			files = (
				2CF6909F1B4BE49600B2F830 /* HeaderViewDURates.xib in Resources */,
				2CFB9BA61B56FA1300D4A51C /* Localizable.strings in Resources */,
				2CFB92CD1B56D25400C83354 /* controllers.storyboard in Resources */,
				2C5810E11B39A5E50069020D /* Images.xcassets in Resources */,
				2CF964F11B4D5DB9006D8C7E /* docIcon_320x320.png in Resources */,
				2CF6909C1B4BE0D400B2F830 /* FooterViewFreeSpace.xib in Resources */,
				2C8627571F93974B001E314F /* README.md in Resources */,
				2CF964EE1B4D5DB9006D8C7E /* docIcon_22x29.png in Resources */,
				2C9DDA071B77CA78008F16BF /* torrentTitleSectionHeader.xib in Resources */,
				2CF861481B77C0C300E47F53 /* icons.xcassets in Resources */,
				2CF964F01B4D5DB9006D8C7E /* docIcon_64x64.png in Resources */,
				2CF2CBA01B7606A400C42477 /* flagsDescription.xib in Resources */,
				2C80AEAF1B4EBA6B00377E11 /* InfoMessageIcons.xcassets in Resources */,
				2CF964EF1B4D5DB9006D8C7E /* docIcon_44x58.png in Resources */,
				2C80AEAE1B4EBA6B00377E11 /* InfoMessage.xib in Resources */,
				2C701C761B98DAD4004C366C /* ServerListFooterView.xib in Resources */,
			);
			runOnlyForDeploymentPostprocessing = 0;
		};
/* End PBXResourcesBuildPhase section */

/* Begin PBXShellScriptBuildPhase section */
		2CF9DF391B504D0600C82356 /* ShellScript */ = {
			isa = PBXShellScriptBuildPhase;
			buildActionMask = 8;
			files = (
			);
			inputPaths = (
			);
			outputPaths = (
			);
			runOnlyForDeploymentPostprocessing = 1;
			shellPath = /bin/bash;
			shellScript = "#!/bin/bash\nbuildNumber=$(/usr/libexec/PlistBuddy -c \"Print CFBundleVersion\" \"$INFOPLIST_FILE\")\nbuildNumber=$(($buildNumber + 1))\n/usr/libexec/PlistBuddy -c \"Set :CFBundleVersion $buildNumber\" \"$INFOPLIST_FILE\"";
		};
/* End PBXShellScriptBuildPhase section */

/* Begin PBXSourcesBuildPhase section */
		2C5810D21B39A5E50069020D /* Sources */ = {
			isa = PBXSourcesBuildPhase;
			buildActionMask = 2147483647;
			files = (
				2CFAB9151B49B7FD00BE71D9 /* TRSessionInfo.m in Sources */,
				2CF911981B41CD66003D0753 /* TorrentInfoController.m in Sources */,
				2C0A2AA31B469D5D0042CAA6 /* FileListFSCell.m in Sources */,
				2CF861441B77BD0D00E47F53 /* TorrentTitleSectionHeaderView.m in Sources */,
				2CF8F3271B876A6700982AA2 /* IconHalfCloud.m in Sources */,
				2C039F3E1B52D3DD00233534 /* StatusCategories.m in Sources */,
				2CFA5E141B432ABF00262C36 /* FileListController.m in Sources */,
				2CE6B4601B49598000157841 /* CommonTableController.m in Sources */,
				2CAD1E461B4AC131005BBDBE /* SpeedLimitController.m in Sources */,
				2CF9C4CF1B84EE3B00DA4487 /* IconFS.m in Sources */,
				2CF91D111B3C8B3B0093637A /* StatusListController.m in Sources */,
				2C6D18BD1B3B477E002666C6 /* ServerListItemCell.m in Sources */,
				2CF690A21B4BE74A00B2F830 /* HeaderViewDURates.m in Sources */,
				2CF7ADB41B91C8A000030220 /* ServerListFooterView.m in Sources */,
				2C039F3B1B52D33C00233534 /* StatusCategory.m in Sources */,
				2C4673151B3D91BA00CBD6B1 /* RPCConnector.m in Sources */,
				2CF8EF781B61736100EB8D5D /* TrackerListCell.m in Sources */,
				2C9A83F31BB42A4D002D7B00 /* InfoMenuLabel.m in Sources */,
				2CFC54D21BB71E9D000F5E38 /* FileListTouchAreaView.m in Sources */,
				2C80AEAD1B4EBA6B00377E11 /* InfoMessage.m in Sources */,
				2CF953951BBDA4F00009C785 /* TorrentListProgressView.m in Sources */,
				2CF971AF1B790B23008EE25D /* IPGeoInfoController.m in Sources */,
				2CF7F3211B6EBF2B007EEBF6 /* PeerStatCell.m in Sources */,
				2C5810DF1B39A5E50069020D /* AppDelegate.m in Sources */,
				2C6668341B5BB1D3004B6FA4 /* Bencoding.m in Sources */,
				2CF8F3241B876A4A00982AA2 /* IconCloud.m in Sources */,
				2CF730091B657D25007D5354 /* ScheduleAltLimitsController.m in Sources */,
				2CF7ADB11B91BE7A00030220 /* AppLogoView.m in Sources */,
				2C0E34A81B4006EB004303AB /* TRInfos.m in Sources */,
				2CF8EF7B1B6179AE00EB8D5D /* TrackerStat.m in Sources */,
				2C6D18B61B3B446E002666C6 /* ServerListController.m in Sources */,
				2C5810DC1B39A5E50069020D /* main.m in Sources */,
				2CF911961B41B605003D0753 /* ChooseServerToAddTorrentController.m in Sources */,
				2CF8C7651B4302F7005A7DD6 /* PeerListCell.m in Sources */,
				2CE400BB1B49928F00BA32C2 /* BandwidthPriorityCell.m in Sources */,
				2CF971AB1B790379008EE25D /* GeoIpConnector.m in Sources */,
				2CCA315A1B7E11F200DCBA0D /* CheckBox.m in Sources */,
				2CF6909D1B4BE0D400B2F830 /* FooterViewFreeSpace.m in Sources */,
				2C0A2AA61B469EC00042CAA6 /* NSObject+DataObject.m in Sources */,
				2C58110E1B39C3FC0069020D /* RPCServerConfigController.m in Sources */,
				2CFAB9121B49ACCB00BE71D9 /* SessionConfigController.m in Sources */,
				2CB651CF1B3DCCBE005C823C /* TorrentListController.m in Sources */,
				2CFA5E101B43237400262C36 /* TRFileInfo.m in Sources */,
				2CF7D5141B42E78C006D01FD /* PeerListController.m in Sources */,
				2CABA2E21CC8E9A2004612FE /* WaitViewController.m in Sources */,
				2CE400B81B49927C00BA32C2 /* ChooseServerCell.m in Sources */,
				2CE400BE1B4992A300BA32C2 /* StartImmidiatelyCell.m in Sources */,
				2CF72FFF1B651180007D5354 /* TrackerListController.m in Sources */,
				2C0688761B948D59008B69EE /* TorrentFile.m in Sources */,
				2CE6B4641B495EC700157841 /* GlobalConsts.m in Sources */,
				2C0688731B948C32008B69EE /* MagnetURL.m in Sources */,
				2CFBE1CC1B458F6100B15DEE /* FSDirectory.m in Sources */,
				2C5810FB1B39A7B20069020D /* RPCServerConfig.m in Sources */,
				2CFBA7991B5017DA00202281 /* RateLimitTable.m in Sources */,
				2CFC267E1B44580E0070CC1C /* StatusListCell.m in Sources */,
				2CF730021B6514E5007D5354 /* TrackerInfoCell.m in Sources */,
				2C6D18B31B3B37CC002666C6 /* RPCServerConfigDB.m in Sources */,
				2CF915411BB463FD00E84A7C /* PiecesLegendViewController.m in Sources */,
				2CFA9DC11B42CE0D005629C2 /* TRPeerInfo.m in Sources */,
				2C701C751B98D2E1004C366C /* MagnetURLViewController.m in Sources */,
				2CB651D21B3DCDD4005C823C /* TorrentListCell.m in Sources */,
				2C0E34A51B400134004303AB /* TRInfo.m in Sources */,
				2CABA2E51CC8F05F004612FE /* IpAnonimizer.m in Sources */,
				2CF2CB9F1B75FE9800C42477 /* FlagDescriptionView.m in Sources */,
			);
			runOnlyForDeploymentPostprocessing = 0;
		};
/* End PBXSourcesBuildPhase section */

/* Begin PBXVariantGroup section */
		2C701C781B98DAD4004C366C /* ServerListFooterView.xib */ = {
			isa = PBXVariantGroup;
			children = (
				2C701C771B98DAD4004C366C /* Base */,
				2C701C7A1B98DAD6004C366C /* ru */,
			);
			name = ServerListFooterView.xib;
			sourceTree = "<group>";
		};
		2C9DDA091B77CA78008F16BF /* torrentTitleSectionHeader.xib */ = {
			isa = PBXVariantGroup;
			children = (
				2CA864FA1B78F5DF002D396C /* Base */,
			);
			name = torrentTitleSectionHeader.xib;
			sourceTree = "<group>";
		};
		2CF2CBA21B7606A400C42477 /* flagsDescription.xib */ = {
			isa = PBXVariantGroup;
			children = (
				2CF2CBA11B7606A400C42477 /* Base */,
				2CF2CBA41B7606A800C42477 /* ru */,
			);
			name = flagsDescription.xib;
			sourceTree = "<group>";
		};
		2CFB92CF1B56D25400C83354 /* controllers.storyboard */ = {
			isa = PBXVariantGroup;
			children = (
				2CFB92CE1B56D25400C83354 /* Base */,
				2C2B25481B789B3400C9CB31 /* ru */,
			);
			name = controllers.storyboard;
			sourceTree = "<group>";
		};
		2CFB9BA81B56FA1300D4A51C /* Localizable.strings */ = {
			isa = PBXVariantGroup;
			children = (
				2CFB9BA71B56FA1300D4A51C /* Base */,
				2CFB9BA91B56FA1F00D4A51C /* ru */,
			);
			name = Localizable.strings;
			sourceTree = "<group>";
		};
/* End PBXVariantGroup section */

/* Begin XCBuildConfiguration section */
		2C5810F11B39A5E50069020D /* Debug */ = {
			isa = XCBuildConfiguration;
			buildSettings = {
				ALWAYS_SEARCH_USER_PATHS = NO;
				CLANG_ANALYZER_LOCALIZABILITY_NONLOCALIZED = YES;
				CLANG_CXX_LANGUAGE_STANDARD = "gnu++0x";
				CLANG_CXX_LIBRARY = "libc++";
				CLANG_ENABLE_MODULES = YES;
				CLANG_ENABLE_OBJC_ARC = YES;
				CLANG_WARN_BLOCK_CAPTURE_AUTORELEASING = YES;
				CLANG_WARN_BOOL_CONVERSION = YES;
				CLANG_WARN_COMMA = YES;
				CLANG_WARN_CONSTANT_CONVERSION = YES;
				CLANG_WARN_DIRECT_OBJC_ISA_USAGE = YES_ERROR;
				CLANG_WARN_EMPTY_BODY = YES;
				CLANG_WARN_ENUM_CONVERSION = YES;
				CLANG_WARN_INFINITE_RECURSION = YES;
				CLANG_WARN_INT_CONVERSION = YES;
				CLANG_WARN_NON_LITERAL_NULL_CONVERSION = YES;
				CLANG_WARN_OBJC_LITERAL_CONVERSION = YES;
				CLANG_WARN_OBJC_ROOT_CLASS = YES_ERROR;
				CLANG_WARN_RANGE_LOOP_ANALYSIS = YES;
				CLANG_WARN_STRICT_PROTOTYPES = YES;
				CLANG_WARN_SUSPICIOUS_MOVE = YES;
				CLANG_WARN_UNREACHABLE_CODE = YES;
				CLANG_WARN__DUPLICATE_METHOD_MATCH = YES;
				CODE_SIGN_IDENTITY = "iPhone Distribution: Alexey Chechetkin (FGPFWZ8YAM)";
				"CODE_SIGN_IDENTITY[sdk=iphoneos*]" = "iPhone Distribution: Alexey Chechetkin (FGPFWZ8YAM)";
				COPY_PHASE_STRIP = NO;
				DEBUG_INFORMATION_FORMAT = "dwarf-with-dsym";
				ENABLE_STRICT_OBJC_MSGSEND = YES;
				ENABLE_TESTABILITY = YES;
				GCC_C_LANGUAGE_STANDARD = gnu99;
				GCC_DYNAMIC_NO_PIC = NO;
				GCC_NO_COMMON_BLOCKS = YES;
				GCC_OPTIMIZATION_LEVEL = 0;
				GCC_PREPROCESSOR_DEFINITIONS = (
					"DEBUG=1",
					"$(inherited)",
				);
				GCC_SYMBOLS_PRIVATE_EXTERN = NO;
				GCC_WARN_64_TO_32_BIT_CONVERSION = YES;
				GCC_WARN_ABOUT_RETURN_TYPE = YES_ERROR;
				GCC_WARN_UNDECLARED_SELECTOR = YES;
				GCC_WARN_UNINITIALIZED_AUTOS = YES_AGGRESSIVE;
				GCC_WARN_UNUSED_FUNCTION = YES;
				GCC_WARN_UNUSED_VARIABLE = YES;
				IPHONEOS_DEPLOYMENT_TARGET = 8.0;
				MTL_ENABLE_DEBUG_INFO = YES;
				ONLY_ACTIVE_ARCH = YES;
				SDKROOT = iphoneos;
				TARGETED_DEVICE_FAMILY = "1,2";
			};
			name = Debug;
		};
		2C5810F21B39A5E50069020D /* Release */ = {
			isa = XCBuildConfiguration;
			buildSettings = {
				ALWAYS_SEARCH_USER_PATHS = NO;
				CLANG_ANALYZER_LOCALIZABILITY_NONLOCALIZED = YES;
				CLANG_CXX_LANGUAGE_STANDARD = "gnu++0x";
				CLANG_CXX_LIBRARY = "libc++";
				CLANG_ENABLE_MODULES = YES;
				CLANG_ENABLE_OBJC_ARC = YES;
				CLANG_WARN_BLOCK_CAPTURE_AUTORELEASING = YES;
				CLANG_WARN_BOOL_CONVERSION = YES;
				CLANG_WARN_COMMA = YES;
				CLANG_WARN_CONSTANT_CONVERSION = YES;
				CLANG_WARN_DIRECT_OBJC_ISA_USAGE = YES_ERROR;
				CLANG_WARN_EMPTY_BODY = YES;
				CLANG_WARN_ENUM_CONVERSION = YES;
				CLANG_WARN_INFINITE_RECURSION = YES;
				CLANG_WARN_INT_CONVERSION = YES;
				CLANG_WARN_NON_LITERAL_NULL_CONVERSION = YES;
				CLANG_WARN_OBJC_LITERAL_CONVERSION = YES;
				CLANG_WARN_OBJC_ROOT_CLASS = YES_ERROR;
				CLANG_WARN_RANGE_LOOP_ANALYSIS = YES;
				CLANG_WARN_STRICT_PROTOTYPES = YES;
				CLANG_WARN_SUSPICIOUS_MOVE = YES;
				CLANG_WARN_UNREACHABLE_CODE = YES;
				CLANG_WARN__DUPLICATE_METHOD_MATCH = YES;
				CODE_SIGN_IDENTITY = "iPhone Distribution: Alexey Chechetkin (FGPFWZ8YAM)";
				"CODE_SIGN_IDENTITY[sdk=iphoneos*]" = "iPhone Distribution: Alexey Chechetkin (FGPFWZ8YAM)";
				COPY_PHASE_STRIP = NO;
				DEBUG_INFORMATION_FORMAT = "dwarf-with-dsym";
				ENABLE_NS_ASSERTIONS = NO;
				ENABLE_STRICT_OBJC_MSGSEND = YES;
				GCC_C_LANGUAGE_STANDARD = gnu99;
				GCC_NO_COMMON_BLOCKS = YES;
				GCC_WARN_64_TO_32_BIT_CONVERSION = YES;
				GCC_WARN_ABOUT_RETURN_TYPE = YES_ERROR;
				GCC_WARN_UNDECLARED_SELECTOR = YES;
				GCC_WARN_UNINITIALIZED_AUTOS = YES_AGGRESSIVE;
				GCC_WARN_UNUSED_FUNCTION = YES;
				GCC_WARN_UNUSED_VARIABLE = YES;
				IPHONEOS_DEPLOYMENT_TARGET = 8.0;
				MTL_ENABLE_DEBUG_INFO = NO;
				SDKROOT = iphoneos;
				TARGETED_DEVICE_FAMILY = "1,2";
				VALIDATE_PRODUCT = YES;
			};
			name = Release;
		};
		2C5810F41B39A5E50069020D /* Debug */ = {
			isa = XCBuildConfiguration;
			buildSettings = {
				ASSETCATALOG_COMPILER_APPICON_NAME = AppIcon;
				ASSETCATALOG_COMPILER_LAUNCHIMAGE_NAME = LaunchImage;
				CODE_SIGN_IDENTITY = "iPhone Developer";
				"CODE_SIGN_IDENTITY[sdk=iphoneos*]" = "iPhone Developer";
				DEVELOPMENT_TEAM = FGPFWZ8YAM;
				INFOPLIST_FILE = TransmissionRPCClient/Info.plist;
				IPHONEOS_DEPLOYMENT_TARGET = 8.0;
				LD_RUNPATH_SEARCH_PATHS = "$(inherited) @executable_path/Frameworks";
				PRODUCT_BUNDLE_IDENTIFIER = "com.alcheck.$(PRODUCT_NAME:rfc1034identifier)";
				PRODUCT_NAME = "$(TARGET_NAME)";
				PROVISIONING_PROFILE = "";
				PROVISIONING_PROFILE_SPECIFIER = "";
				TARGETED_DEVICE_FAMILY = "1,2";
			};
			name = Debug;
		};
		2C5810F51B39A5E50069020D /* Release */ = {
			isa = XCBuildConfiguration;
			buildSettings = {
				ASSETCATALOG_COMPILER_APPICON_NAME = AppIcon;
				ASSETCATALOG_COMPILER_LAUNCHIMAGE_NAME = LaunchImage;
				CODE_SIGN_IDENTITY = "iPhone Developer";
				"CODE_SIGN_IDENTITY[sdk=iphoneos*]" = "iPhone Developer";
				DEVELOPMENT_TEAM = FGPFWZ8YAM;
				INFOPLIST_FILE = TransmissionRPCClient/Info.plist;
				IPHONEOS_DEPLOYMENT_TARGET = 8.0;
				LD_RUNPATH_SEARCH_PATHS = "$(inherited) @executable_path/Frameworks";
				PRODUCT_BUNDLE_IDENTIFIER = "com.alcheck.$(PRODUCT_NAME:rfc1034identifier)";
				PRODUCT_NAME = "$(TARGET_NAME)";
				PROVISIONING_PROFILE = "";
				PROVISIONING_PROFILE_SPECIFIER = "";
				TARGETED_DEVICE_FAMILY = "1,2";
			};
			name = Release;
		};
/* End XCBuildConfiguration section */

/* Begin XCConfigurationList section */
		2C5810D11B39A5E50069020D /* Build configuration list for PBXProject "TransmissionRPCClient" */ = {
			isa = XCConfigurationList;
			buildConfigurations = (
				2C5810F11B39A5E50069020D /* Debug */,
				2C5810F21B39A5E50069020D /* Release */,
			);
			defaultConfigurationIsVisible = 0;
			defaultConfigurationName = Release;
		};
		2C5810F31B39A5E50069020D /* Build configuration list for PBXNativeTarget "TransmissionRPCClient" */ = {
			isa = XCConfigurationList;
			buildConfigurations = (
				2C5810F41B39A5E50069020D /* Debug */,
				2C5810F51B39A5E50069020D /* Release */,
			);
			defaultConfigurationIsVisible = 0;
			defaultConfigurationName = Release;
		};
/* End XCConfigurationList section */
	};
	rootObject = 2C5810CE1B39A5E50069020D /* Project object */;
}
